
Microsoft Visual Studio Solution File, Format Version 12.00
# Visual Studio Version 16
VisualStudioVersion = 16.0.32428.217
MinimumVisualStudioVersion = 10.0.40219.1
Project("{FAE04EC0-301F-11D3-BF4B-00C04F79EFBC}") = "RepositoryPatternAndDependency", "RepositoryPatternAndDependency.csproj", "{7D8A42F3-F9C9-4F01-ABE7-500835DC18CA}"
EndProject
Global
	GlobalSection(SolutionConfigurationPlatforms) = preSolution
		Debug|Any CPU = Debug|Any CPU
		Release|Any CPU = Release|Any CPU
	EndGlobalSection
	GlobalSection(ProjectConfigurationPlatforms) = postSolution
		{7D8A42F3-F9C9-4F01-ABE7-500835DC18CA}.Debug|Any CPU.ActiveCfg = Debug|Any CPU
		{7D8A42F3-F9C9-4F01-ABE7-500835DC18CA}.Debug|Any CPU.Build.0 = Debug|Any CPU
		{7D8A42F3-F9C9-4F01-ABE7-500835DC18CA}.Release|Any CPU.ActiveCfg = Release|Any CPU
		{7D8A42F3-F9C9-4F01-ABE7-500835DC18CA}.Release|Any CPU.Build.0 = Release|Any CPU
	EndGlobalSection
	GlobalSection(SolutionProperties) = preSolution
		HideSolutionNode = FALSE
	EndGlobalSection
	GlobalSection(ExtensibilityGlobals) = postSolution
		SolutionGuid = {6C66D8FA-C9D3-4C50-93F2-0D924AEC9608}
	EndGlobalSection
EndGlobal
