
Microsoft Visual Studio Solution File, Format Version 12.00
# Visual Studio Version 16
VisualStudioVersion = 16.0.32428.217
MinimumVisualStudioVersion = 10.0.40219.1
Project("{FAE04EC0-301F-11D3-BF4B-00C04F79EFBC}") = "Day14P1", "Day14P1.csproj", "{E9C20E10-C1A2-41DB-BA69-E9F75DEA2C03}"
EndProject
Global
	GlobalSection(SolutionConfigurationPlatforms) = preSolution
		Debug|Any CPU = Debug|Any CPU
		Release|Any CPU = Release|Any CPU
	EndGlobalSection
	GlobalSection(ProjectConfigurationPlatforms) = postSolution
		{E9C20E10-C1A2-41DB-BA69-E9F75DEA2C03}.Debug|Any CPU.ActiveCfg = Debug|Any CPU
		{E9C20E10-C1A2-41DB-BA69-E9F75DEA2C03}.Debug|Any CPU.Build.0 = Debug|Any CPU
		{E9C20E10-C1A2-41DB-BA69-E9F75DEA2C03}.Release|Any CPU.ActiveCfg = Release|Any CPU
		{E9C20E10-C1A2-41DB-BA69-E9F75DEA2C03}.Release|Any CPU.Build.0 = Release|Any CPU
	EndGlobalSection
	GlobalSection(SolutionProperties) = preSolution
		HideSolutionNode = FALSE
	EndGlobalSection
	GlobalSection(ExtensibilityGlobals) = postSolution
		SolutionGuid = {CB483902-F63F-4FDC-A74B-4994FC189BFC}
	EndGlobalSection
EndGlobal
