
Microsoft Visual Studio Solution File, Format Version 12.00
# Visual Studio Version 16
VisualStudioVersion = 16.0.32428.217
MinimumVisualStudioVersion = 10.0.40219.1
Project("{FAE04EC0-301F-11D3-BF4B-00C04F79EFBC}") = "Day5P1", "Day5P1.csproj", "{4D975728-172D-4574-96FE-4D6E00F3BBBE}"
EndProject
Global
	GlobalSection(SolutionConfigurationPlatforms) = preSolution
		Debug|Any CPU = Debug|Any CPU
		Release|Any CPU = Release|Any CPU
	EndGlobalSection
	GlobalSection(ProjectConfigurationPlatforms) = postSolution
		{4D975728-172D-4574-96FE-4D6E00F3BBBE}.Debug|Any CPU.ActiveCfg = Debug|Any CPU
		{4D975728-172D-4574-96FE-4D6E00F3BBBE}.Debug|Any CPU.Build.0 = Debug|Any CPU
		{4D975728-172D-4574-96FE-4D6E00F3BBBE}.Release|Any CPU.ActiveCfg = Release|Any CPU
		{4D975728-172D-4574-96FE-4D6E00F3BBBE}.Release|Any CPU.Build.0 = Release|Any CPU
	EndGlobalSection
	GlobalSection(SolutionProperties) = preSolution
		HideSolutionNode = FALSE
	EndGlobalSection
	GlobalSection(ExtensibilityGlobals) = postSolution
		SolutionGuid = {BB6CC578-4FF2-49EE-8D37-B72F52480A09}
	EndGlobalSection
EndGlobal
