
Microsoft Visual Studio Solution File, Format Version 12.00
# Visual Studio Version 16
VisualStudioVersion = 16.0.32428.217
MinimumVisualStudioVersion = 10.0.40219.1
Project("{FAE04EC0-301F-11D3-BF4B-00C04F79EFBC}") = "Day9P2", "Day9P2.csproj", "{F01602E3-9C24-4C32-A77E-55A07FA95582}"
EndProject
Global
	GlobalSection(SolutionConfigurationPlatforms) = preSolution
		Debug|Any CPU = Debug|Any CPU
		Release|Any CPU = Release|Any CPU
	EndGlobalSection
	GlobalSection(ProjectConfigurationPlatforms) = postSolution
		{F01602E3-9C24-4C32-A77E-55A07FA95582}.Debug|Any CPU.ActiveCfg = Debug|Any CPU
		{F01602E3-9C24-4C32-A77E-55A07FA95582}.Debug|Any CPU.Build.0 = Debug|Any CPU
		{F01602E3-9C24-4C32-A77E-55A07FA95582}.Release|Any CPU.ActiveCfg = Release|Any CPU
		{F01602E3-9C24-4C32-A77E-55A07FA95582}.Release|Any CPU.Build.0 = Release|Any CPU
	EndGlobalSection
	GlobalSection(SolutionProperties) = preSolution
		HideSolutionNode = FALSE
	EndGlobalSection
	GlobalSection(ExtensibilityGlobals) = postSolution
		SolutionGuid = {D83C1784-A95E-4BF0-B432-353BC90A22ED}
	EndGlobalSection
EndGlobal
