
Microsoft Visual Studio Solution File, Format Version 12.00
# Visual Studio Version 16
VisualStudioVersion = 16.0.32428.217
MinimumVisualStudioVersion = 10.0.40219.1
Project("{FAE04EC0-301F-11D3-BF4B-00C04F79EFBC}") = "Day14P2", "Day14P2.csproj", "{DF944012-25B3-42AB-B443-E1020AB3A2A8}"
EndProject
Global
	GlobalSection(SolutionConfigurationPlatforms) = preSolution
		Debug|Any CPU = Debug|Any CPU
		Release|Any CPU = Release|Any CPU
	EndGlobalSection
	GlobalSection(ProjectConfigurationPlatforms) = postSolution
		{DF944012-25B3-42AB-B443-E1020AB3A2A8}.Debug|Any CPU.ActiveCfg = Debug|Any CPU
		{DF944012-25B3-42AB-B443-E1020AB3A2A8}.Debug|Any CPU.Build.0 = Debug|Any CPU
		{DF944012-25B3-42AB-B443-E1020AB3A2A8}.Release|Any CPU.ActiveCfg = Release|Any CPU
		{DF944012-25B3-42AB-B443-E1020AB3A2A8}.Release|Any CPU.Build.0 = Release|Any CPU
	EndGlobalSection
	GlobalSection(SolutionProperties) = preSolution
		HideSolutionNode = FALSE
	EndGlobalSection
	GlobalSection(ExtensibilityGlobals) = postSolution
		SolutionGuid = {7CD78B72-6EC2-42E8-9E7E-78776128F596}
	EndGlobalSection
EndGlobal
