
Microsoft Visual Studio Solution File, Format Version 12.00
# Visual Studio Version 16
VisualStudioVersion = 16.0.32428.217
MinimumVisualStudioVersion = 10.0.40219.1
Project("{FAE04EC0-301F-11D3-BF4B-00C04F79EFBC}") = "Day3Assignment", "Day3Assignment.csproj", "{A7CBF1EA-BDD4-4068-9C29-06FBCB940C1F}"
EndProject
Global
	GlobalSection(SolutionConfigurationPlatforms) = preSolution
		Debug|Any CPU = Debug|Any CPU
		Release|Any CPU = Release|Any CPU
	EndGlobalSection
	GlobalSection(ProjectConfigurationPlatforms) = postSolution
		{A7CBF1EA-BDD4-4068-9C29-06FBCB940C1F}.Debug|Any CPU.ActiveCfg = Debug|Any CPU
		{A7CBF1EA-BDD4-4068-9C29-06FBCB940C1F}.Debug|Any CPU.Build.0 = Debug|Any CPU
		{A7CBF1EA-BDD4-4068-9C29-06FBCB940C1F}.Release|Any CPU.ActiveCfg = Release|Any CPU
		{A7CBF1EA-BDD4-4068-9C29-06FBCB940C1F}.Release|Any CPU.Build.0 = Release|Any CPU
	EndGlobalSection
	GlobalSection(SolutionProperties) = preSolution
		HideSolutionNode = FALSE
	EndGlobalSection
	GlobalSection(ExtensibilityGlobals) = postSolution
		SolutionGuid = {3174913A-FD41-4444-84F9-1E632D4A6676}
	EndGlobalSection
EndGlobal
