
Microsoft Visual Studio Solution File, Format Version 12.00
# Visual Studio Version 16
VisualStudioVersion = 16.0.32428.217
MinimumVisualStudioVersion = 10.0.40219.1
Project("{FAE04EC0-301F-11D3-BF4B-00C04F79EFBC}") = "AuthenticationAndAuthorization", "AuthenticationAndAuthorization.csproj", "{E90C4F1E-1500-4F34-8221-3BBE046B3FD6}"
EndProject
Project("{2150E333-8FDC-42A3-9474-1A3956D46DE8}") = "Solution Items", "Solution Items", "{C71A493B-14BA-4BB0-B87E-F02E760F4729}"
	ProjectSection(SolutionItems) = preProject
		.editorconfig = .editorconfig
	EndProjectSection
EndProject
Global
	GlobalSection(SolutionConfigurationPlatforms) = preSolution
		Debug|Any CPU = Debug|Any CPU
		Release|Any CPU = Release|Any CPU
	EndGlobalSection
	GlobalSection(ProjectConfigurationPlatforms) = postSolution
		{E90C4F1E-1500-4F34-8221-3BBE046B3FD6}.Debug|Any CPU.ActiveCfg = Debug|Any CPU
		{E90C4F1E-1500-4F34-8221-3BBE046B3FD6}.Debug|Any CPU.Build.0 = Debug|Any CPU
		{E90C4F1E-1500-4F34-8221-3BBE046B3FD6}.Release|Any CPU.ActiveCfg = Release|Any CPU
		{E90C4F1E-1500-4F34-8221-3BBE046B3FD6}.Release|Any CPU.Build.0 = Release|Any CPU
	EndGlobalSection
	GlobalSection(SolutionProperties) = preSolution
		HideSolutionNode = FALSE
	EndGlobalSection
	GlobalSection(ExtensibilityGlobals) = postSolution
		SolutionGuid = {20C0C5A5-5C89-432F-A7A8-CC1385CB6CDB}
	EndGlobalSection
EndGlobal
