
Microsoft Visual Studio Solution File, Format Version 12.00
# Visual Studio Version 16
VisualStudioVersion = 16.0.32428.217
MinimumVisualStudioVersion = 10.0.40219.1
Project("{FAE04EC0-301F-11D3-BF4B-00C04F79EFBC}") = "Day5Assignment", "Day5Assignment.csproj", "{D406BAFD-A64B-4B26-B98F-FE83793B2235}"
EndProject
Global
	GlobalSection(SolutionConfigurationPlatforms) = preSolution
		Debug|Any CPU = Debug|Any CPU
		Release|Any CPU = Release|Any CPU
	EndGlobalSection
	GlobalSection(ProjectConfigurationPlatforms) = postSolution
		{D406BAFD-A64B-4B26-B98F-FE83793B2235}.Debug|Any CPU.ActiveCfg = Debug|Any CPU
		{D406BAFD-A64B-4B26-B98F-FE83793B2235}.Debug|Any CPU.Build.0 = Debug|Any CPU
		{D406BAFD-A64B-4B26-B98F-FE83793B2235}.Release|Any CPU.ActiveCfg = Release|Any CPU
		{D406BAFD-A64B-4B26-B98F-FE83793B2235}.Release|Any CPU.Build.0 = Release|Any CPU
	EndGlobalSection
	GlobalSection(SolutionProperties) = preSolution
		HideSolutionNode = FALSE
	EndGlobalSection
	GlobalSection(ExtensibilityGlobals) = postSolution
		SolutionGuid = {1C60BA64-6E8C-4BD8-A510-DFC3C170DE2E}
	EndGlobalSection
EndGlobal
