
Microsoft Visual Studio Solution File, Format Version 12.00
# Visual Studio Version 16
VisualStudioVersion = 16.0.32428.217
MinimumVisualStudioVersion = 10.0.40219.1
Project("{FAE04EC0-301F-11D3-BF4B-00C04F79EFBC}") = "Day7P2", "Day7P2.csproj", "{A8F81983-AE9F-408C-8F67-FA24A29E2212}"
EndProject
Global
	GlobalSection(SolutionConfigurationPlatforms) = preSolution
		Debug|Any CPU = Debug|Any CPU
		Release|Any CPU = Release|Any CPU
	EndGlobalSection
	GlobalSection(ProjectConfigurationPlatforms) = postSolution
		{A8F81983-AE9F-408C-8F67-FA24A29E2212}.Debug|Any CPU.ActiveCfg = Debug|Any CPU
		{A8F81983-AE9F-408C-8F67-FA24A29E2212}.Debug|Any CPU.Build.0 = Debug|Any CPU
		{A8F81983-AE9F-408C-8F67-FA24A29E2212}.Release|Any CPU.ActiveCfg = Release|Any CPU
		{A8F81983-AE9F-408C-8F67-FA24A29E2212}.Release|Any CPU.Build.0 = Release|Any CPU
	EndGlobalSection
	GlobalSection(SolutionProperties) = preSolution
		HideSolutionNode = FALSE
	EndGlobalSection
	GlobalSection(ExtensibilityGlobals) = postSolution
		SolutionGuid = {25B3EE2E-CB22-4A13-8986-A2A2BED7DDB8}
	EndGlobalSection
EndGlobal
